
Microsoft Visual Studio Solution File, Format Version 12.00
# Visual Studio 15
VisualStudioVersion = 15.0.28010.2019
MinimumVisualStudioVersion = 10.0.40219.1
Project("{FAE04EC0-301F-11D3-BF4B-00C04F79EFBC}") = "OrchardCoreEvents", "OrchardCoreEvents\OrchardCoreEvents.csproj", "{DBACE6C9-EF07-4D54-AEBB-E68E67CE8F27}"
EndProject
Project("{FAE04EC0-301F-11D3-BF4B-00C04F79EFBC}") = "EventsTheme.OrchardCore", "EventsTheme.OrchardCore\EventsTheme.OrchardCore.csproj", "{A219F049-9F04-43FB-A73D-B38B129CE79D}"
EndProject
Global
	GlobalSection(SolutionConfigurationPlatforms) = preSolution
		Debug|Any CPU = Debug|Any CPU
		Release|Any CPU = Release|Any CPU
	EndGlobalSection
	GlobalSection(ProjectConfigurationPlatforms) = postSolution
		{DBACE6C9-EF07-4D54-AEBB-E68E67CE8F27}.Debug|Any CPU.ActiveCfg = Debug|Any CPU
		{DBACE6C9-EF07-4D54-AEBB-E68E67CE8F27}.Debug|Any CPU.Build.0 = Debug|Any CPU
		{DBACE6C9-EF07-4D54-AEBB-E68E67CE8F27}.Release|Any CPU.ActiveCfg = Release|Any CPU
		{DBACE6C9-EF07-4D54-AEBB-E68E67CE8F27}.Release|Any CPU.Build.0 = Release|Any CPU
		{A219F049-9F04-43FB-A73D-B38B129CE79D}.Debug|Any CPU.ActiveCfg = Debug|Any CPU
		{A219F049-9F04-43FB-A73D-B38B129CE79D}.Debug|Any CPU.Build.0 = Debug|Any CPU
		{A219F049-9F04-43FB-A73D-B38B129CE79D}.Release|Any CPU.ActiveCfg = Release|Any CPU
		{A219F049-9F04-43FB-A73D-B38B129CE79D}.Release|Any CPU.Build.0 = Release|Any CPU
	EndGlobalSection
	GlobalSection(SolutionProperties) = preSolution
		HideSolutionNode = FALSE
	EndGlobalSection
	GlobalSection(ExtensibilityGlobals) = postSolution
		SolutionGuid = {B4B00DAB-F8EE-4E9F-BD3A-7C6D1CBB8968}
	EndGlobalSection
EndGlobal
